
Microsoft Visual Studio Solution File, Format Version 12.00
# Visual Studio Version 16
VisualStudioVersion = 16.0.29102.190
MinimumVisualStudioVersion = 10.0.40219.1
Project("{FAE04EC0-301F-11D3-BF4B-00C04F79EFBC}") = "Iteration_Practice", "Iteration_Practice\Iteration_Practice.csproj", "{C49B94A2-9BFB-450A-80BF-B7E4956253C3}"
EndProject
Global
	GlobalSection(SolutionConfigurationPlatforms) = preSolution
		Debug|Any CPU = Debug|Any CPU
		Release|Any CPU = Release|Any CPU
	EndGlobalSection
	GlobalSection(ProjectConfigurationPlatforms) = postSolution
		{C49B94A2-9BFB-450A-80BF-B7E4956253C3}.Debug|Any CPU.ActiveCfg = Debug|Any CPU
		{C49B94A2-9BFB-450A-80BF-B7E4956253C3}.Debug|Any CPU.Build.0 = Debug|Any CPU
		{C49B94A2-9BFB-450A-80BF-B7E4956253C3}.Release|Any CPU.ActiveCfg = Release|Any CPU
		{C49B94A2-9BFB-450A-80BF-B7E4956253C3}.Release|Any CPU.Build.0 = Release|Any CPU
	EndGlobalSection
	GlobalSection(SolutionProperties) = preSolution
		HideSolutionNode = FALSE
	EndGlobalSection
	GlobalSection(ExtensibilityGlobals) = postSolution
		SolutionGuid = {D8B61783-7198-4944-B25D-CBCD536AEA1C}
	EndGlobalSection
EndGlobal
