
Microsoft Visual Studio Solution File, Format Version 12.00
# Visual Studio Version 16
VisualStudioVersion = 16.0.29102.190
MinimumVisualStudioVersion = 10.0.40219.1
Project("{FAE04EC0-301F-11D3-BF4B-00C04F79EFBC}") = "Loops", "Loops\Loops.csproj", "{843A2E1B-5AAF-4AFE-9903-5BF10C920FC0}"
EndProject
Global
	GlobalSection(SolutionConfigurationPlatforms) = preSolution
		Debug|Any CPU = Debug|Any CPU
		Release|Any CPU = Release|Any CPU
	EndGlobalSection
	GlobalSection(ProjectConfigurationPlatforms) = postSolution
		{843A2E1B-5AAF-4AFE-9903-5BF10C920FC0}.Debug|Any CPU.ActiveCfg = Debug|Any CPU
		{843A2E1B-5AAF-4AFE-9903-5BF10C920FC0}.Debug|Any CPU.Build.0 = Debug|Any CPU
		{843A2E1B-5AAF-4AFE-9903-5BF10C920FC0}.Release|Any CPU.ActiveCfg = Release|Any CPU
		{843A2E1B-5AAF-4AFE-9903-5BF10C920FC0}.Release|Any CPU.Build.0 = Release|Any CPU
	EndGlobalSection
	GlobalSection(SolutionProperties) = preSolution
		HideSolutionNode = FALSE
	EndGlobalSection
	GlobalSection(ExtensibilityGlobals) = postSolution
		SolutionGuid = {60D0F94D-B164-48A0-9885-680CD22B6D66}
	EndGlobalSection
EndGlobal
