
Microsoft Visual Studio Solution File, Format Version 12.00
# Visual Studio Version 16
VisualStudioVersion = 16.0.29102.190
MinimumVisualStudioVersion = 10.0.40219.1
Project("{FAE04EC0-301F-11D3-BF4B-00C04F79EFBC}") = "Method Quiz Part 2", "Method Quiz Part 2\Method Quiz Part 2.csproj", "{C940AC05-D489-4AEA-8780-2966B2012B4F}"
EndProject
Global
	GlobalSection(SolutionConfigurationPlatforms) = preSolution
		Debug|Any CPU = Debug|Any CPU
		Release|Any CPU = Release|Any CPU
	EndGlobalSection
	GlobalSection(ProjectConfigurationPlatforms) = postSolution
		{C940AC05-D489-4AEA-8780-2966B2012B4F}.Debug|Any CPU.ActiveCfg = Debug|Any CPU
		{C940AC05-D489-4AEA-8780-2966B2012B4F}.Debug|Any CPU.Build.0 = Debug|Any CPU
		{C940AC05-D489-4AEA-8780-2966B2012B4F}.Release|Any CPU.ActiveCfg = Release|Any CPU
		{C940AC05-D489-4AEA-8780-2966B2012B4F}.Release|Any CPU.Build.0 = Release|Any CPU
	EndGlobalSection
	GlobalSection(SolutionProperties) = preSolution
		HideSolutionNode = FALSE
	EndGlobalSection
	GlobalSection(ExtensibilityGlobals) = postSolution
		SolutionGuid = {5CF482B3-1885-4D63-A596-AC0F35EDF3B9}
	EndGlobalSection
EndGlobal
