
Microsoft Visual Studio Solution File, Format Version 12.00
# Visual Studio Version 16
VisualStudioVersion = 16.0.29102.190
MinimumVisualStudioVersion = 10.0.40219.1
Project("{FAE04EC0-301F-11D3-BF4B-00C04F79EFBC}") = "Q3", "Q3\Q3.csproj", "{62167108-DD5C-4C94-AADE-72D99EE511DB}"
EndProject
Global
	GlobalSection(SolutionConfigurationPlatforms) = preSolution
		Debug|Any CPU = Debug|Any CPU
		Release|Any CPU = Release|Any CPU
	EndGlobalSection
	GlobalSection(ProjectConfigurationPlatforms) = postSolution
		{62167108-DD5C-4C94-AADE-72D99EE511DB}.Debug|Any CPU.ActiveCfg = Debug|Any CPU
		{62167108-DD5C-4C94-AADE-72D99EE511DB}.Debug|Any CPU.Build.0 = Debug|Any CPU
		{62167108-DD5C-4C94-AADE-72D99EE511DB}.Release|Any CPU.ActiveCfg = Release|Any CPU
		{62167108-DD5C-4C94-AADE-72D99EE511DB}.Release|Any CPU.Build.0 = Release|Any CPU
	EndGlobalSection
	GlobalSection(SolutionProperties) = preSolution
		HideSolutionNode = FALSE
	EndGlobalSection
	GlobalSection(ExtensibilityGlobals) = postSolution
		SolutionGuid = {42A1B32C-E270-4DA0-9A6A-C363A0E78B5D}
	EndGlobalSection
EndGlobal
