
Microsoft Visual Studio Solution File, Format Version 12.00
# Visual Studio Version 16
VisualStudioVersion = 16.0.29102.190
MinimumVisualStudioVersion = 10.0.40219.1
Project("{FAE04EC0-301F-11D3-BF4B-00C04F79EFBC}") = "QFinal", "QFinal\QFinal.csproj", "{AC8A50B5-3CCF-471D-8DB9-F16B0DDF02BE}"
EndProject
Global
	GlobalSection(SolutionConfigurationPlatforms) = preSolution
		Debug|Any CPU = Debug|Any CPU
		Release|Any CPU = Release|Any CPU
	EndGlobalSection
	GlobalSection(ProjectConfigurationPlatforms) = postSolution
		{AC8A50B5-3CCF-471D-8DB9-F16B0DDF02BE}.Debug|Any CPU.ActiveCfg = Debug|Any CPU
		{AC8A50B5-3CCF-471D-8DB9-F16B0DDF02BE}.Debug|Any CPU.Build.0 = Debug|Any CPU
		{AC8A50B5-3CCF-471D-8DB9-F16B0DDF02BE}.Release|Any CPU.ActiveCfg = Release|Any CPU
		{AC8A50B5-3CCF-471D-8DB9-F16B0DDF02BE}.Release|Any CPU.Build.0 = Release|Any CPU
	EndGlobalSection
	GlobalSection(SolutionProperties) = preSolution
		HideSolutionNode = FALSE
	EndGlobalSection
	GlobalSection(ExtensibilityGlobals) = postSolution
		SolutionGuid = {8740A15F-F5DB-494F-B94F-559FCB75D180}
	EndGlobalSection
EndGlobal
