
Microsoft Visual Studio Solution File, Format Version 12.00
# Visual Studio 15
VisualStudioVersion = 15.0.27703.2035
MinimumVisualStudioVersion = 10.0.40219.1
Project("{F184B08F-C81C-45F6-A57F-5ABD9991F28F}") = "WindowsApp14", "WindowsApp14\WindowsApp14.vbproj", "{BA9EDF4E-AF2C-4819-AF9A-C1D0C939ACEA}"
EndProject
Global
	GlobalSection(SolutionConfigurationPlatforms) = preSolution
		Debug|Any CPU = Debug|Any CPU
		Release|Any CPU = Release|Any CPU
	EndGlobalSection
	GlobalSection(ProjectConfigurationPlatforms) = postSolution
		{BA9EDF4E-AF2C-4819-AF9A-C1D0C939ACEA}.Debug|Any CPU.ActiveCfg = Debug|Any CPU
		{BA9EDF4E-AF2C-4819-AF9A-C1D0C939ACEA}.Debug|Any CPU.Build.0 = Debug|Any CPU
		{BA9EDF4E-AF2C-4819-AF9A-C1D0C939ACEA}.Release|Any CPU.ActiveCfg = Release|Any CPU
		{BA9EDF4E-AF2C-4819-AF9A-C1D0C939ACEA}.Release|Any CPU.Build.0 = Release|Any CPU
	EndGlobalSection
	GlobalSection(SolutionProperties) = preSolution
		HideSolutionNode = FALSE
	EndGlobalSection
	GlobalSection(ExtensibilityGlobals) = postSolution
		SolutionGuid = {8C34939D-B78B-435D-90E8-936BD2A65418}
	EndGlobalSection
EndGlobal
